// !$*UTF8*$!
{
	archiveVersion = 1;
	classes = {
	};
	objectVersion = 52;
	objects = {

/* Begin PBXBuildFile section */
		B413CD7224D11B3A00249C59 /* DateFormatter+Utility.swift in Sources */ = {isa = PBXBuildFile; fileRef = B413CD7124D11B3A00249C59 /* DateFormatter+Utility.swift */; };
		B413CD7524D1225F00249C59 /* KeychainAccess in Frameworks */ = {isa = PBXBuildFile; productRef = B413CD7424D1225F00249C59 /* KeychainAccess */; };
		B426095124CBBEDA0021F4EA /* NotifyApp.swift in Sources */ = {isa = PBXBuildFile; fileRef = B426095024CBBEDA0021F4EA /* NotifyApp.swift */; };
		B426095324CBBEDA0021F4EA /* ContentView.swift in Sources */ = {isa = PBXBuildFile; fileRef = B426095224CBBEDA0021F4EA /* ContentView.swift */; };
		B426095524CBBEDB0021F4EA /* Assets.xcassets in Resources */ = {isa = PBXBuildFile; fileRef = B426095424CBBEDB0021F4EA /* Assets.xcassets */; };
		B426095824CBBEDB0021F4EA /* Preview Assets.xcassets in Resources */ = {isa = PBXBuildFile; fileRef = B426095724CBBEDB0021F4EA /* Preview Assets.xcassets */; };
		B426096224CBC1A50021F4EA /* APNSwift in Frameworks */ = {isa = PBXBuildFile; productRef = B426096124CBC1A50021F4EA /* APNSwift */; };
		B4E0671524CBE0A900C64684 /* PushClient.swift in Sources */ = {isa = PBXBuildFile; fileRef = B4E0671424CBE0A900C64684 /* PushClient.swift */; };
		B4E0671A24CBECA600C64684 /* NSOpenPane+Convenience.swift in Sources */ = {isa = PBXBuildFile; fileRef = B4E0671924CBECA600C64684 /* NSOpenPane+Convenience.swift */; };
		B4E0674024CBF62A00C64684 /* AuthorizationKey.swift in Sources */ = {isa = PBXBuildFile; fileRef = B4E0673F24CBF62A00C64684 /* AuthorizationKey.swift */; };
		B4E0674224CBFD3C00C64684 /* AddAuthorizationKeyView.swift in Sources */ = {isa = PBXBuildFile; fileRef = B4E0674124CBFD3C00C64684 /* AddAuthorizationKeyView.swift */; };
		B4E0674424CC028100C64684 /* PayloadEditorView.swift in Sources */ = {isa = PBXBuildFile; fileRef = B4E0674324CC028100C64684 /* PayloadEditorView.swift */; };
		B4E0674624CC06C700C64684 /* Binding+Optional.swift in Sources */ = {isa = PBXBuildFile; fileRef = B4E0674524CC06C700C64684 /* Binding+Optional.swift */; };
		B4E0674824CD2EB900C64684 /* PushStore.swift in Sources */ = {isa = PBXBuildFile; fileRef = B4E0674724CD2EB900C64684 /* PushStore.swift */; };
		B4E0674A24CD2EC800C64684 /* Push.swift in Sources */ = {isa = PBXBuildFile; fileRef = B4E0674924CD2EC800C64684 /* Push.swift */; };
		B4E0674C24CD35DF00C64684 /* AuthorizationKeyPicker.swift in Sources */ = {isa = PBXBuildFile; fileRef = B4E0674B24CD35DF00C64684 /* AuthorizationKeyPicker.swift */; };
		B4E0674E24CD39B900C64684 /* EnvironmentPicker.swift in Sources */ = {isa = PBXBuildFile; fileRef = B4E0674D24CD39B900C64684 /* EnvironmentPicker.swift */; };
		B4E0675024CD457300C64684 /* APNSwiftConnection+Convenience.swift in Sources */ = {isa = PBXBuildFile; fileRef = B4E0674F24CD457300C64684 /* APNSwiftConnection+Convenience.swift */; };
		B4E0675224CD4E7B00C64684 /* Data+JSON.swift in Sources */ = {isa = PBXBuildFile; fileRef = B4E0675124CD4E7B00C64684 /* Data+JSON.swift */; };
		B4E0675724CE4E4900C64684 /* BasicTemplate.json in Resources */ = {isa = PBXBuildFile; fileRef = B4E0675624CE4E4900C64684 /* BasicTemplate.json */; };
		B4E0675924CE4E5200C64684 /* CustomKeyTemplate.json in Resources */ = {isa = PBXBuildFile; fileRef = B4E0675824CE4E5200C64684 /* CustomKeyTemplate.json */; };
		B4E0675B24CE546D00C64684 /* TemplateListView.swift in Sources */ = {isa = PBXBuildFile; fileRef = B4E0675A24CE546D00C64684 /* TemplateListView.swift */; };
		B4E0675D24CE5A7000C64684 /* Template.swift in Sources */ = {isa = PBXBuildFile; fileRef = B4E0675C24CE5A7000C64684 /* Template.swift */; };
		B4E0675F24CE5F3600C64684 /* LogEntry.swift in Sources */ = {isa = PBXBuildFile; fileRef = B4E0675E24CE5F3600C64684 /* LogEntry.swift */; };
		B4E0676124CE5F6C00C64684 /* LogView.swift in Sources */ = {isa = PBXBuildFile; fileRef = B4E0676024CE5F6C00C64684 /* LogView.swift */; };
		B4FCEE0F24D0EADC00F0091F /* LabeledInputView.swift in Sources */ = {isa = PBXBuildFile; fileRef = B4FCEE0E24D0EADB00F0091F /* LabeledInputView.swift */; };
		B4FCEE1124D0EBEA00F0091F /* AuthorizationKeySelectionView.swift in Sources */ = {isa = PBXBuildFile; fileRef = B4FCEE1024D0EBEA00F0091F /* AuthorizationKeySelectionView.swift */; };
/* End PBXBuildFile section */

/* Begin PBXFileReference section */
		B413CD7124D11B3A00249C59 /* DateFormatter+Utility.swift */ = {isa = PBXFileReference; lastKnownFileType = sourcecode.swift; path = "DateFormatter+Utility.swift"; sourceTree = "<group>"; };
		B426094D24CBBEDA0021F4EA /* Notify.app */ = {isa = PBXFileReference; explicitFileType = wrapper.application; includeInIndex = 0; path = Notify.app; sourceTree = BUILT_PRODUCTS_DIR; };
		B426095024CBBEDA0021F4EA /* NotifyApp.swift */ = {isa = PBXFileReference; lastKnownFileType = sourcecode.swift; path = NotifyApp.swift; sourceTree = "<group>"; };
		B426095224CBBEDA0021F4EA /* ContentView.swift */ = {isa = PBXFileReference; lastKnownFileType = sourcecode.swift; path = ContentView.swift; sourceTree = "<group>"; };
		B426095424CBBEDB0021F4EA /* Assets.xcassets */ = {isa = PBXFileReference; lastKnownFileType = folder.assetcatalog; path = Assets.xcassets; sourceTree = "<group>"; };
		B426095724CBBEDB0021F4EA /* Preview Assets.xcassets */ = {isa = PBXFileReference; lastKnownFileType = folder.assetcatalog; path = "Preview Assets.xcassets"; sourceTree = "<group>"; };
		B426095924CBBEDB0021F4EA /* Info.plist */ = {isa = PBXFileReference; lastKnownFileType = text.plist.xml; path = Info.plist; sourceTree = "<group>"; };
		B426095A24CBBEDB0021F4EA /* Notify.entitlements */ = {isa = PBXFileReference; lastKnownFileType = text.plist.entitlements; path = Notify.entitlements; sourceTree = "<group>"; };
		B4E0671424CBE0A900C64684 /* PushClient.swift */ = {isa = PBXFileReference; lastKnownFileType = sourcecode.swift; path = PushClient.swift; sourceTree = "<group>"; };
		B4E0671924CBECA600C64684 /* NSOpenPane+Convenience.swift */ = {isa = PBXFileReference; lastKnownFileType = sourcecode.swift; path = "NSOpenPane+Convenience.swift"; sourceTree = "<group>"; };
		B4E0673F24CBF62A00C64684 /* AuthorizationKey.swift */ = {isa = PBXFileReference; lastKnownFileType = sourcecode.swift; path = AuthorizationKey.swift; sourceTree = "<group>"; };
		B4E0674124CBFD3C00C64684 /* AddAuthorizationKeyView.swift */ = {isa = PBXFileReference; lastKnownFileType = sourcecode.swift; path = AddAuthorizationKeyView.swift; sourceTree = "<group>"; };
		B4E0674324CC028100C64684 /* PayloadEditorView.swift */ = {isa = PBXFileReference; lastKnownFileType = sourcecode.swift; path = PayloadEditorView.swift; sourceTree = "<group>"; };
		B4E0674524CC06C700C64684 /* Binding+Optional.swift */ = {isa = PBXFileReference; lastKnownFileType = sourcecode.swift; path = "Binding+Optional.swift"; sourceTree = "<group>"; };
		B4E0674724CD2EB900C64684 /* PushStore.swift */ = {isa = PBXFileReference; lastKnownFileType = sourcecode.swift; path = PushStore.swift; sourceTree = "<group>"; };
		B4E0674924CD2EC800C64684 /* Push.swift */ = {isa = PBXFileReference; lastKnownFileType = sourcecode.swift; path = Push.swift; sourceTree = "<group>"; };
		B4E0674B24CD35DF00C64684 /* AuthorizationKeyPicker.swift */ = {isa = PBXFileReference; lastKnownFileType = sourcecode.swift; path = AuthorizationKeyPicker.swift; sourceTree = "<group>"; };
		B4E0674D24CD39B900C64684 /* EnvironmentPicker.swift */ = {isa = PBXFileReference; lastKnownFileType = sourcecode.swift; path = EnvironmentPicker.swift; sourceTree = "<group>"; };
		B4E0674F24CD457300C64684 /* APNSwiftConnection+Convenience.swift */ = {isa = PBXFileReference; lastKnownFileType = sourcecode.swift; path = "APNSwiftConnection+Convenience.swift"; sourceTree = "<group>"; };
		B4E0675124CD4E7B00C64684 /* Data+JSON.swift */ = {isa = PBXFileReference; lastKnownFileType = sourcecode.swift; path = "Data+JSON.swift"; sourceTree = "<group>"; };
		B4E0675624CE4E4900C64684 /* BasicTemplate.json */ = {isa = PBXFileReference; lastKnownFileType = text.json; path = BasicTemplate.json; sourceTree = "<group>"; };
		B4E0675824CE4E5200C64684 /* CustomKeyTemplate.json */ = {isa = PBXFileReference; lastKnownFileType = text.json; path = CustomKeyTemplate.json; sourceTree = "<group>"; };
		B4E0675A24CE546D00C64684 /* TemplateListView.swift */ = {isa = PBXFileReference; lastKnownFileType = sourcecode.swift; path = TemplateListView.swift; sourceTree = "<group>"; };
		B4E0675C24CE5A7000C64684 /* Template.swift */ = {isa = PBXFileReference; lastKnownFileType = sourcecode.swift; path = Template.swift; sourceTree = "<group>"; };
		B4E0675E24CE5F3600C64684 /* LogEntry.swift */ = {isa = PBXFileReference; lastKnownFileType = sourcecode.swift; path = LogEntry.swift; sourceTree = "<group>"; };
		B4E0676024CE5F6C00C64684 /* LogView.swift */ = {isa = PBXFileReference; lastKnownFileType = sourcecode.swift; path = LogView.swift; sourceTree = "<group>"; };
		B4FCEE0E24D0EADB00F0091F /* LabeledInputView.swift */ = {isa = PBXFileReference; lastKnownFileType = sourcecode.swift; path = LabeledInputView.swift; sourceTree = "<group>"; };
		B4FCEE1024D0EBEA00F0091F /* AuthorizationKeySelectionView.swift */ = {isa = PBXFileReference; lastKnownFileType = sourcecode.swift; path = AuthorizationKeySelectionView.swift; sourceTree = "<group>"; };
/* End PBXFileReference section */

/* Begin PBXFrameworksBuildPhase section */
		B426094A24CBBEDA0021F4EA /* Frameworks */ = {
			isa = PBXFrameworksBuildPhase;
			buildActionMask = 2147483647;
			files = (
				B413CD7524D1225F00249C59 /* KeychainAccess in Frameworks */,
				B426096224CBC1A50021F4EA /* APNSwift in Frameworks */,
			);
			runOnlyForDeploymentPostprocessing = 0;
		};
/* End PBXFrameworksBuildPhase section */

/* Begin PBXGroup section */
		B426094424CBBED90021F4EA = {
			isa = PBXGroup;
			children = (
				B426094F24CBBEDA0021F4EA /* Notify */,
				B426094E24CBBEDA0021F4EA /* Products */,
			);
			sourceTree = "<group>";
		};
		B426094E24CBBEDA0021F4EA /* Products */ = {
			isa = PBXGroup;
			children = (
				B426094D24CBBEDA0021F4EA /* Notify.app */,
			);
			name = Products;
			sourceTree = "<group>";
		};
		B426094F24CBBEDA0021F4EA /* Notify */ = {
			isa = PBXGroup;
			children = (
				B426095024CBBEDA0021F4EA /* NotifyApp.swift */,
				B4E0671D24CBEF9E00C64684 /* Model */,
				B4E0671824CBEC9900C64684 /* Extensions */,
				B4E0671324CBE09B00C64684 /* Services */,
				B4E0675324CE4C6F00C64684 /* Views */,
				B4E0675524CE4E3000C64684 /* Resources */,
				B426095924CBBEDB0021F4EA /* Info.plist */,
				B426095A24CBBEDB0021F4EA /* Notify.entitlements */,
				B426095624CBBEDB0021F4EA /* Preview Content */,
			);
			path = Notify;
			sourceTree = "<group>";
		};
		B426095624CBBEDB0021F4EA /* Preview Content */ = {
			isa = PBXGroup;
			children = (
				B426095724CBBEDB0021F4EA /* Preview Assets.xcassets */,
			);
			path = "Preview Content";
			sourceTree = "<group>";
		};
		B4E0671324CBE09B00C64684 /* Services */ = {
			isa = PBXGroup;
			children = (
				B4E0671424CBE0A900C64684 /* PushClient.swift */,
				B4E0674724CD2EB900C64684 /* PushStore.swift */,
			);
			path = Services;
			sourceTree = "<group>";
		};
		B4E0671824CBEC9900C64684 /* Extensions */ = {
			isa = PBXGroup;
			children = (
				B4E0671924CBECA600C64684 /* NSOpenPane+Convenience.swift */,
				B4E0674F24CD457300C64684 /* APNSwiftConnection+Convenience.swift */,
				B4E0674524CC06C700C64684 /* Binding+Optional.swift */,
				B4E0675124CD4E7B00C64684 /* Data+JSON.swift */,
				B413CD7124D11B3A00249C59 /* DateFormatter+Utility.swift */,
			);
			path = Extensions;
			sourceTree = "<group>";
		};
		B4E0671D24CBEF9E00C64684 /* Model */ = {
			isa = PBXGroup;
			children = (
				B4E0673F24CBF62A00C64684 /* AuthorizationKey.swift */,
				B4E0674924CD2EC800C64684 /* Push.swift */,
				B4E0675C24CE5A7000C64684 /* Template.swift */,
				B4E0675E24CE5F3600C64684 /* LogEntry.swift */,
			);
			path = Model;
			sourceTree = "<group>";
		};
		B4E0675324CE4C6F00C64684 /* Views */ = {
			isa = PBXGroup;
			children = (
				B4FCEE1424D0EE7700F0091F /* Screen Content */,
				B4E0675424CE4C7F00C64684 /* Components */,
				B426095224CBBEDA0021F4EA /* ContentView.swift */,
				B4FCEE1024D0EBEA00F0091F /* AuthorizationKeySelectionView.swift */,
				B4E0674324CC028100C64684 /* PayloadEditorView.swift */,
			);
			path = Views;
			sourceTree = "<group>";
		};
		B4E0675424CE4C7F00C64684 /* Components */ = {
			isa = PBXGroup;
			children = (
				B4FCEE0E24D0EADB00F0091F /* LabeledInputView.swift */,
				B4E0674B24CD35DF00C64684 /* AuthorizationKeyPicker.swift */,
				B4E0674D24CD39B900C64684 /* EnvironmentPicker.swift */,
			);
			path = Components;
			sourceTree = "<group>";
		};
		B4E0675524CE4E3000C64684 /* Resources */ = {
			isa = PBXGroup;
			children = (
				B426095424CBBEDB0021F4EA /* Assets.xcassets */,
				B4E0675624CE4E4900C64684 /* BasicTemplate.json */,
				B4E0675824CE4E5200C64684 /* CustomKeyTemplate.json */,
			);
			path = Resources;
			sourceTree = "<group>";
		};
		B4FCEE1424D0EE7700F0091F /* Screen Content */ = {
			isa = PBXGroup;
			children = (
				B4E0674124CBFD3C00C64684 /* AddAuthorizationKeyView.swift */,
				B4E0675A24CE546D00C64684 /* TemplateListView.swift */,
				B4E0676024CE5F6C00C64684 /* LogView.swift */,
			);
			path = "Screen Content";
			sourceTree = "<group>";
		};
/* End PBXGroup section */

/* Begin PBXNativeTarget section */
		B426094C24CBBEDA0021F4EA /* Notify */ = {
			isa = PBXNativeTarget;
			buildConfigurationList = B426095D24CBBEDB0021F4EA /* Build configuration list for PBXNativeTarget "Notify" */;
			buildPhases = (
				B426094924CBBEDA0021F4EA /* Sources */,
				B426094A24CBBEDA0021F4EA /* Frameworks */,
				B426094B24CBBEDA0021F4EA /* Resources */,
			);
			buildRules = (
			);
			dependencies = (
			);
			name = Notify;
			packageProductDependencies = (
				B426096124CBC1A50021F4EA /* APNSwift */,
				B413CD7424D1225F00249C59 /* KeychainAccess */,
			);
			productName = Notify;
			productReference = B426094D24CBBEDA0021F4EA /* Notify.app */;
			productType = "com.apple.product-type.application";
		};
/* End PBXNativeTarget section */

/* Begin PBXProject section */
		B426094524CBBED90021F4EA /* Project object */ = {
			isa = PBXProject;
			attributes = {
				LastSwiftUpdateCheck = 1200;
				LastUpgradeCheck = 1220;
				TargetAttributes = {
					B426094C24CBBEDA0021F4EA = {
						CreatedOnToolsVersion = 12.0;
					};
				};
			};
			buildConfigurationList = B426094824CBBED90021F4EA /* Build configuration list for PBXProject "Notify" */;
			compatibilityVersion = "Xcode 9.3";
			developmentRegion = en;
			hasScannedForEncodings = 0;
			knownRegions = (
				en,
				Base,
			);
			mainGroup = B426094424CBBED90021F4EA;
			packageReferences = (
				B426096024CBC1A50021F4EA /* XCRemoteSwiftPackageReference "APNSwift" */,
				B413CD7324D1225F00249C59 /* XCRemoteSwiftPackageReference "KeychainAccess" */,
			);
			productRefGroup = B426094E24CBBEDA0021F4EA /* Products */;
			projectDirPath = "";
			projectRoot = "";
			targets = (
				B426094C24CBBEDA0021F4EA /* Notify */,
			);
		};
/* End PBXProject section */

/* Begin PBXResourcesBuildPhase section */
		B426094B24CBBEDA0021F4EA /* Resources */ = {
			isa = PBXResourcesBuildPhase;
			buildActionMask = 2147483647;
			files = (
				B426095824CBBEDB0021F4EA /* Preview Assets.xcassets in Resources */,
				B4E0675724CE4E4900C64684 /* BasicTemplate.json in Resources */,
				B4E0675924CE4E5200C64684 /* CustomKeyTemplate.json in Resources */,
				B426095524CBBEDB0021F4EA /* Assets.xcassets in Resources */,
			);
			runOnlyForDeploymentPostprocessing = 0;
		};
/* End PBXResourcesBuildPhase section */

/* Begin PBXSourcesBuildPhase section */
		B426094924CBBEDA0021F4EA /* Sources */ = {
			isa = PBXSourcesBuildPhase;
			buildActionMask = 2147483647;
			files = (
				B413CD7224D11B3A00249C59 /* DateFormatter+Utility.swift in Sources */,
				B4E0674C24CD35DF00C64684 /* AuthorizationKeyPicker.swift in Sources */,
				B4FCEE0F24D0EADC00F0091F /* LabeledInputView.swift in Sources */,
				B4E0675B24CE546D00C64684 /* TemplateListView.swift in Sources */,
				B426095324CBBEDA0021F4EA /* ContentView.swift in Sources */,
				B4E0674A24CD2EC800C64684 /* Push.swift in Sources */,
				B426095124CBBEDA0021F4EA /* NotifyApp.swift in Sources */,
				B4E0675D24CE5A7000C64684 /* Template.swift in Sources */,
				B4E0674424CC028100C64684 /* PayloadEditorView.swift in Sources */,
				B4E0676124CE5F6C00C64684 /* LogView.swift in Sources */,
				B4E0671A24CBECA600C64684 /* NSOpenPane+Convenience.swift in Sources */,
				B4E0674024CBF62A00C64684 /* AuthorizationKey.swift in Sources */,
				B4E0674624CC06C700C64684 /* Binding+Optional.swift in Sources */,
				B4E0674224CBFD3C00C64684 /* AddAuthorizationKeyView.swift in Sources */,
				B4E0675F24CE5F3600C64684 /* LogEntry.swift in Sources */,
				B4E0675224CD4E7B00C64684 /* Data+JSON.swift in Sources */,
				B4E0674E24CD39B900C64684 /* EnvironmentPicker.swift in Sources */,
				B4E0671524CBE0A900C64684 /* PushClient.swift in Sources */,
				B4FCEE1124D0EBEA00F0091F /* AuthorizationKeySelectionView.swift in Sources */,
				B4E0675024CD457300C64684 /* APNSwiftConnection+Convenience.swift in Sources */,
				B4E0674824CD2EB900C64684 /* PushStore.swift in Sources */,
			);
			runOnlyForDeploymentPostprocessing = 0;
		};
/* End PBXSourcesBuildPhase section */

/* Begin XCBuildConfiguration section */
		B426095B24CBBEDB0021F4EA /* Debug */ = {
			isa = XCBuildConfiguration;
			buildSettings = {
				ALWAYS_SEARCH_USER_PATHS = NO;
				CLANG_ANALYZER_NONNULL = YES;
				CLANG_ANALYZER_NUMBER_OBJECT_CONVERSION = YES_AGGRESSIVE;
				CLANG_CXX_LANGUAGE_STANDARD = "gnu++14";
				CLANG_CXX_LIBRARY = "libc++";
				CLANG_ENABLE_MODULES = YES;
				CLANG_ENABLE_OBJC_ARC = YES;
				CLANG_ENABLE_OBJC_WEAK = YES;
				CLANG_WARN_BLOCK_CAPTURE_AUTORELEASING = YES;
				CLANG_WARN_BOOL_CONVERSION = YES;
				CLANG_WARN_COMMA = YES;
				CLANG_WARN_CONSTANT_CONVERSION = YES;
				CLANG_WARN_DEPRECATED_OBJC_IMPLEMENTATIONS = YES;
				CLANG_WARN_DIRECT_OBJC_ISA_USAGE = YES_ERROR;
				CLANG_WARN_DOCUMENTATION_COMMENTS = YES;
				CLANG_WARN_EMPTY_BODY = YES;
				CLANG_WARN_ENUM_CONVERSION = YES;
				CLANG_WARN_INFINITE_RECURSION = YES;
				CLANG_WARN_INT_CONVERSION = YES;
				CLANG_WARN_NON_LITERAL_NULL_CONVERSION = YES;
				CLANG_WARN_OBJC_IMPLICIT_RETAIN_SELF = YES;
				CLANG_WARN_OBJC_LITERAL_CONVERSION = YES;
				CLANG_WARN_OBJC_ROOT_CLASS = YES_ERROR;
				CLANG_WARN_QUOTED_INCLUDE_IN_FRAMEWORK_HEADER = YES;
				CLANG_WARN_RANGE_LOOP_ANALYSIS = YES;
				CLANG_WARN_STRICT_PROTOTYPES = YES;
				CLANG_WARN_SUSPICIOUS_MOVE = YES;
				CLANG_WARN_UNGUARDED_AVAILABILITY = YES_AGGRESSIVE;
				CLANG_WARN_UNREACHABLE_CODE = YES;
				CLANG_WARN__DUPLICATE_METHOD_MATCH = YES;
				COPY_PHASE_STRIP = NO;
				DEBUG_INFORMATION_FORMAT = dwarf;
				ENABLE_STRICT_OBJC_MSGSEND = YES;
				ENABLE_TESTABILITY = YES;
				GCC_C_LANGUAGE_STANDARD = gnu11;
				GCC_DYNAMIC_NO_PIC = NO;
				GCC_NO_COMMON_BLOCKS = YES;
				GCC_OPTIMIZATION_LEVEL = 0;
				GCC_PREPROCESSOR_DEFINITIONS = (
					"DEBUG=1",
					"$(inherited)",
				);
				GCC_WARN_64_TO_32_BIT_CONVERSION = YES;
				GCC_WARN_ABOUT_RETURN_TYPE = YES_ERROR;
				GCC_WARN_UNDECLARED_SELECTOR = YES;
				GCC_WARN_UNINITIALIZED_AUTOS = YES_AGGRESSIVE;
				GCC_WARN_UNUSED_FUNCTION = YES;
				GCC_WARN_UNUSED_VARIABLE = YES;
				MACOSX_DEPLOYMENT_TARGET = 11.0;
				MTL_ENABLE_DEBUG_INFO = INCLUDE_SOURCE;
				MTL_FAST_MATH = YES;
				ONLY_ACTIVE_ARCH = YES;
				SDKROOT = macosx;
				SWIFT_ACTIVE_COMPILATION_CONDITIONS = DEBUG;
				SWIFT_OPTIMIZATION_LEVEL = "-Onone";
			};
			name = Debug;
		};
		B426095C24CBBEDB0021F4EA /* Release */ = {
			isa = XCBuildConfiguration;
			buildSettings = {
				ALWAYS_SEARCH_USER_PATHS = NO;
				CLANG_ANALYZER_NONNULL = YES;
				CLANG_ANALYZER_NUMBER_OBJECT_CONVERSION = YES_AGGRESSIVE;
				CLANG_CXX_LANGUAGE_STANDARD = "gnu++14";
				CLANG_CXX_LIBRARY = "libc++";
				CLANG_ENABLE_MODULES = YES;
				CLANG_ENABLE_OBJC_ARC = YES;
				CLANG_ENABLE_OBJC_WEAK = YES;
				CLANG_WARN_BLOCK_CAPTURE_AUTORELEASING = YES;
				CLANG_WARN_BOOL_CONVERSION = YES;
				CLANG_WARN_COMMA = YES;
				CLANG_WARN_CONSTANT_CONVERSION = YES;
				CLANG_WARN_DEPRECATED_OBJC_IMPLEMENTATIONS = YES;
				CLANG_WARN_DIRECT_OBJC_ISA_USAGE = YES_ERROR;
				CLANG_WARN_DOCUMENTATION_COMMENTS = YES;
				CLANG_WARN_EMPTY_BODY = YES;
				CLANG_WARN_ENUM_CONVERSION = YES;
				CLANG_WARN_INFINITE_RECURSION = YES;
				CLANG_WARN_INT_CONVERSION = YES;
				CLANG_WARN_NON_LITERAL_NULL_CONVERSION = YES;
				CLANG_WARN_OBJC_IMPLICIT_RETAIN_SELF = YES;
				CLANG_WARN_OBJC_LITERAL_CONVERSION = YES;
				CLANG_WARN_OBJC_ROOT_CLASS = YES_ERROR;
				CLANG_WARN_QUOTED_INCLUDE_IN_FRAMEWORK_HEADER = YES;
				CLANG_WARN_RANGE_LOOP_ANALYSIS = YES;
				CLANG_WARN_STRICT_PROTOTYPES = YES;
				CLANG_WARN_SUSPICIOUS_MOVE = YES;
				CLANG_WARN_UNGUARDED_AVAILABILITY = YES_AGGRESSIVE;
				CLANG_WARN_UNREACHABLE_CODE = YES;
				CLANG_WARN__DUPLICATE_METHOD_MATCH = YES;
				COPY_PHASE_STRIP = NO;
				DEBUG_INFORMATION_FORMAT = "dwarf-with-dsym";
				ENABLE_NS_ASSERTIONS = NO;
				ENABLE_STRICT_OBJC_MSGSEND = YES;
				GCC_C_LANGUAGE_STANDARD = gnu11;
				GCC_NO_COMMON_BLOCKS = YES;
				GCC_WARN_64_TO_32_BIT_CONVERSION = YES;
				GCC_WARN_ABOUT_RETURN_TYPE = YES_ERROR;
				GCC_WARN_UNDECLARED_SELECTOR = YES;
				GCC_WARN_UNINITIALIZED_AUTOS = YES_AGGRESSIVE;
				GCC_WARN_UNUSED_FUNCTION = YES;
				GCC_WARN_UNUSED_VARIABLE = YES;
				MACOSX_DEPLOYMENT_TARGET = 11.0;
				MTL_ENABLE_DEBUG_INFO = NO;
				MTL_FAST_MATH = YES;
				SDKROOT = macosx;
				SWIFT_COMPILATION_MODE = wholemodule;
				SWIFT_OPTIMIZATION_LEVEL = "-O";
			};
			name = Release;
		};
		B426095E24CBBEDB0021F4EA /* Debug */ = {
			isa = XCBuildConfiguration;
			buildSettings = {
				ASSETCATALOG_COMPILER_APPICON_NAME = AppIcon;
				ASSETCATALOG_COMPILER_GLOBAL_ACCENT_COLOR_NAME = AccentColor;
				CODE_SIGN_ENTITLEMENTS = Notify/Notify.entitlements;
				CODE_SIGN_IDENTITY = "-";
				CODE_SIGN_STYLE = Automatic;
				COMBINE_HIDPI_IMAGES = YES;
				DEVELOPMENT_ASSET_PATHS = "\"Notify/Preview Content\"";
				DEVELOPMENT_TEAM = 9W2C69WDZE;
				ENABLE_HARDENED_RUNTIME = YES;
				ENABLE_PREVIEWS = YES;
				INFOPLIST_FILE = Notify/Info.plist;
				LD_RUNPATH_SEARCH_PATHS = (
					"$(inherited)",
					"@executable_path/../Frameworks",
				);
				PRODUCT_BUNDLE_IDENTIFIER = com.mcginty.will.notify;
				PRODUCT_NAME = "$(TARGET_NAME)";
				SDKROOT = macosx;
				SWIFT_VERSION = 5.0;
			};
			name = Debug;
		};
		B426095F24CBBEDB0021F4EA /* Release */ = {
			isa = XCBuildConfiguration;
			buildSettings = {
				ASSETCATALOG_COMPILER_APPICON_NAME = AppIcon;
				ASSETCATALOG_COMPILER_GLOBAL_ACCENT_COLOR_NAME = AccentColor;
				CODE_SIGN_ENTITLEMENTS = Notify/Notify.entitlements;
				CODE_SIGN_IDENTITY = "-";
				CODE_SIGN_STYLE = Automatic;
				COMBINE_HIDPI_IMAGES = YES;
				DEVELOPMENT_ASSET_PATHS = "\"Notify/Preview Content\"";
				DEVELOPMENT_TEAM = 9W2C69WDZE;
				ENABLE_HARDENED_RUNTIME = YES;
				ENABLE_PREVIEWS = YES;
				INFOPLIST_FILE = Notify/Info.plist;
				LD_RUNPATH_SEARCH_PATHS = (
					"$(inherited)",
					"@executable_path/../Frameworks",
				);
				PRODUCT_BUNDLE_IDENTIFIER = com.mcginty.will.notify;
				PRODUCT_NAME = "$(TARGET_NAME)";
				SDKROOT = macosx;
				SWIFT_VERSION = 5.0;
			};
			name = Release;
		};
/* End XCBuildConfiguration section */

/* Begin XCConfigurationList section */
		B426094824CBBED90021F4EA /* Build configuration list for PBXProject "Notify" */ = {
			isa = XCConfigurationList;
			buildConfigurations = (
				B426095B24CBBEDB0021F4EA /* Debug */,
				B426095C24CBBEDB0021F4EA /* Release */,
			);
			defaultConfigurationIsVisible = 0;
			defaultConfigurationName = Release;
		};
		B426095D24CBBEDB0021F4EA /* Build configuration list for PBXNativeTarget "Notify" */ = {
			isa = XCConfigurationList;
			buildConfigurations = (
				B426095E24CBBEDB0021F4EA /* Debug */,
				B426095F24CBBEDB0021F4EA /* Release */,
			);
			defaultConfigurationIsVisible = 0;
			defaultConfigurationName = Release;
		};
/* End XCConfigurationList section */

/* Begin XCRemoteSwiftPackageReference section */
		B413CD7324D1225F00249C59 /* XCRemoteSwiftPackageReference "KeychainAccess" */ = {
			isa = XCRemoteSwiftPackageReference;
			repositoryURL = "https://github.com/kishikawakatsumi/KeychainAccess";
			requirement = {
				kind = upToNextMajorVersion;
				minimumVersion = 4.2.0;
			};
		};
		B426096024CBC1A50021F4EA /* XCRemoteSwiftPackageReference "APNSwift" */ = {
			isa = XCRemoteSwiftPackageReference;
			repositoryURL = "https://github.com/kylebrowning/APNSwift";
			requirement = {
				kind = upToNextMajorVersion;
				minimumVersion = 1.7.0;
			};
		};
/* End XCRemoteSwiftPackageReference section */

/* Begin XCSwiftPackageProductDependency section */
		B413CD7424D1225F00249C59 /* KeychainAccess */ = {
			isa = XCSwiftPackageProductDependency;
			package = B413CD7324D1225F00249C59 /* XCRemoteSwiftPackageReference "KeychainAccess" */;
			productName = KeychainAccess;
		};
		B426096124CBC1A50021F4EA /* APNSwift */ = {
			isa = XCSwiftPackageProductDependency;
			package = B426096024CBC1A50021F4EA /* XCRemoteSwiftPackageReference "APNSwift" */;
			productName = APNSwift;
		};
/* End XCSwiftPackageProductDependency section */
	};
	rootObject = B426094524CBBED90021F4EA /* Project object */;
}
